// !$*UTF8*$!
{
	archiveVersion = 1;
	classes = {
	};
	objectVersion = 46;
	objects = {

/* Begin PBXBuildFile section */
		0517062036DC9C43E95CAD33 /* libPods-UIRouter_Tests.a in Frameworks */ = {isa = PBXBuildFile; fileRef = D9072A114F19170915205331 /* libPods-UIRouter_Tests.a */; };
		6003F58E195388D20070C39A /* Foundation.framework in Frameworks */ = {isa = PBXBuildFile; fileRef = 6003F58D195388D20070C39A /* Foundation.framework */; };
		6003F590195388D20070C39A /* CoreGraphics.framework in Frameworks */ = {isa = PBXBuildFile; fileRef = 6003F58F195388D20070C39A /* CoreGraphics.framework */; };
		6003F592195388D20070C39A /* UIKit.framework in Frameworks */ = {isa = PBXBuildFile; fileRef = 6003F591195388D20070C39A /* UIKit.framework */; };
		6003F598195388D20070C39A /* InfoPlist.strings in Resources */ = {isa = PBXBuildFile; fileRef = 6003F596195388D20070C39A /* InfoPlist.strings */; };
		6003F59A195388D20070C39A /* main.m in Sources */ = {isa = PBXBuildFile; fileRef = 6003F599195388D20070C39A /* main.m */; };
		6003F59E195388D20070C39A /* MXAppDelegate.m in Sources */ = {isa = PBXBuildFile; fileRef = 6003F59D195388D20070C39A /* MXAppDelegate.m */; };
		6003F5A7195388D20070C39A /* MXViewController.m in Sources */ = {isa = PBXBuildFile; fileRef = 6003F5A6195388D20070C39A /* MXViewController.m */; };
		6003F5A9195388D20070C39A /* Images.xcassets in Resources */ = {isa = PBXBuildFile; fileRef = 6003F5A8195388D20070C39A /* Images.xcassets */; };
		6003F5B0195388D20070C39A /* XCTest.framework in Frameworks */ = {isa = PBXBuildFile; fileRef = 6003F5AF195388D20070C39A /* XCTest.framework */; };
		6003F5B1195388D20070C39A /* Foundation.framework in Frameworks */ = {isa = PBXBuildFile; fileRef = 6003F58D195388D20070C39A /* Foundation.framework */; };
		6003F5B2195388D20070C39A /* UIKit.framework in Frameworks */ = {isa = PBXBuildFile; fileRef = 6003F591195388D20070C39A /* UIKit.framework */; };
		6003F5BA195388D20070C39A /* InfoPlist.strings in Resources */ = {isa = PBXBuildFile; fileRef = 6003F5B8195388D20070C39A /* InfoPlist.strings */; };
		6003F5BC195388D20070C39A /* Tests.m in Sources */ = {isa = PBXBuildFile; fileRef = 6003F5BB195388D20070C39A /* Tests.m */; };
		7610D7181D4EFD8B0064F47E /* ViewControllerOne.m in Sources */ = {isa = PBXBuildFile; fileRef = 7610D7161D4EFD8B0064F47E /* ViewControllerOne.m */; };
		7610D7191D4EFD8B0064F47E /* ViewControllerOne.xib in Resources */ = {isa = PBXBuildFile; fileRef = 7610D7171D4EFD8B0064F47E /* ViewControllerOne.xib */; };
		7610D7201D4F32DC0064F47E /* MessageViewController.m in Sources */ = {isa = PBXBuildFile; fileRef = 7610D71E1D4F32DC0064F47E /* MessageViewController.m */; };
		7610D7211D4F32DC0064F47E /* MessageViewController.xib in Resources */ = {isa = PBXBuildFile; fileRef = 7610D71F1D4F32DC0064F47E /* MessageViewController.xib */; };
		7610D7281D4F32FF0064F47E /* MessageViewControllerOne.m in Sources */ = {isa = PBXBuildFile; fileRef = 7610D7261D4F32FF0064F47E /* MessageViewControllerOne.m */; };
		7610D7291D4F32FF0064F47E /* MessageViewControllerOne.xib in Resources */ = {isa = PBXBuildFile; fileRef = 7610D7271D4F32FF0064F47E /* MessageViewControllerOne.xib */; };
		7610D72D1D4F33130064F47E /* MessageViewControllerTwo.m in Sources */ = {isa = PBXBuildFile; fileRef = 7610D72B1D4F33130064F47E /* MessageViewControllerTwo.m */; };
		7610D72E1D4F33130064F47E /* MessageViewControllerTwo.xib in Resources */ = {isa = PBXBuildFile; fileRef = 7610D72C1D4F33130064F47E /* MessageViewControllerTwo.xib */; };
		7610D7321D4F33240064F47E /* MineViewController.m in Sources */ = {isa = PBXBuildFile; fileRef = 7610D7301D4F33240064F47E /* MineViewController.m */; };
		7610D7331D4F33240064F47E /* MineViewController.xib in Resources */ = {isa = PBXBuildFile; fileRef = 7610D7311D4F33240064F47E /* MineViewController.xib */; };
		7610D7371D4F33340064F47E /* MineViewControllerOne.m in Sources */ = {isa = PBXBuildFile; fileRef = 7610D7351D4F33340064F47E /* MineViewControllerOne.m */; };
		7610D7381D4F33340064F47E /* MineViewControllerOne.xib in Resources */ = {isa = PBXBuildFile; fileRef = 7610D7361D4F33340064F47E /* MineViewControllerOne.xib */; };
		7610D73C1D4F334C0064F47E /* WorkViewController.m in Sources */ = {isa = PBXBuildFile; fileRef = 7610D73A1D4F334C0064F47E /* WorkViewController.m */; };
		7610D73D1D4F334C0064F47E /* WorkViewController.xib in Resources */ = {isa = PBXBuildFile; fileRef = 7610D73B1D4F334C0064F47E /* WorkViewController.xib */; };
		7610D7401D4F37E10064F47E /* MXTabBarController.m in Sources */ = {isa = PBXBuildFile; fileRef = 7610D73F1D4F37E10064F47E /* MXTabBarController.m */; };
		7610D7541D4F3F740064F47E /* tab_message_nor.png in Resources */ = {isa = PBXBuildFile; fileRef = 7610D7421D4F3F740064F47E /* tab_message_nor.png */; };
		7610D7551D4F3F740064F47E /* tab_message_nor@2x.png in Resources */ = {isa = PBXBuildFile; fileRef = 7610D7431D4F3F740064F47E /* tab_message_nor@2x.png */; };
		7610D7561D4F3F740064F47E /* tab_message_nor@3x.png in Resources */ = {isa = PBXBuildFile; fileRef = 7610D7441D4F3F740064F47E /* tab_message_nor@3x.png */; };
		7610D7571D4F3F740064F47E /* tab_message_sel.png in Resources */ = {isa = PBXBuildFile; fileRef = 7610D7451D4F3F740064F47E /* tab_message_sel.png */; };
		7610D7581D4F3F740064F47E /* tab_message_sel@2x.png in Resources */ = {isa = PBXBuildFile; fileRef = 7610D7461D4F3F740064F47E /* tab_message_sel@2x.png */; };
		7610D7591D4F3F740064F47E /* tab_message_sel@3x.png in Resources */ = {isa = PBXBuildFile; fileRef = 7610D7471D4F3F740064F47E /* tab_message_sel@3x.png */; };
		7610D75A1D4F3F740064F47E /* tab_mine_nor.png in Resources */ = {isa = PBXBuildFile; fileRef = 7610D7481D4F3F740064F47E /* tab_mine_nor.png */; };
		7610D75B1D4F3F740064F47E /* tab_mine_nor@2x.png in Resources */ = {isa = PBXBuildFile; fileRef = 7610D7491D4F3F740064F47E /* tab_mine_nor@2x.png */; };
		7610D75C1D4F3F740064F47E /* tab_mine_nor@3x.png in Resources */ = {isa = PBXBuildFile; fileRef = 7610D74A1D4F3F740064F47E /* tab_mine_nor@3x.png */; };
		7610D75D1D4F3F740064F47E /* tab_mine_sel.png in Resources */ = {isa = PBXBuildFile; fileRef = 7610D74B1D4F3F740064F47E /* tab_mine_sel.png */; };
		7610D75E1D4F3F740064F47E /* tab_mine_sel@2x.png in Resources */ = {isa = PBXBuildFile; fileRef = 7610D74C1D4F3F740064F47E /* tab_mine_sel@2x.png */; };
		7610D75F1D4F3F740064F47E /* tab_mine_sel@3x.png in Resources */ = {isa = PBXBuildFile; fileRef = 7610D74D1D4F3F740064F47E /* tab_mine_sel@3x.png */; };
		7610D7601D4F3F740064F47E /* tab_work_nor.png in Resources */ = {isa = PBXBuildFile; fileRef = 7610D74E1D4F3F740064F47E /* tab_work_nor.png */; };
		7610D7611D4F3F740064F47E /* tab_work_nor@2x.png in Resources */ = {isa = PBXBuildFile; fileRef = 7610D74F1D4F3F740064F47E /* tab_work_nor@2x.png */; };
		7610D7621D4F3F740064F47E /* tab_work_nor@3x.png in Resources */ = {isa = PBXBuildFile; fileRef = 7610D7501D4F3F740064F47E /* tab_work_nor@3x.png */; };
		7610D7631D4F3F740064F47E /* tab_work_sel.png in Resources */ = {isa = PBXBuildFile; fileRef = 7610D7511D4F3F740064F47E /* tab_work_sel.png */; };
		7610D7641D4F3F740064F47E /* tab_work_sel@2x.png in Resources */ = {isa = PBXBuildFile; fileRef = 7610D7521D4F3F740064F47E /* tab_work_sel@2x.png */; };
		7610D7651D4F3F740064F47E /* tab_work_sel@3x.png in Resources */ = {isa = PBXBuildFile; fileRef = 7610D7531D4F3F740064F47E /* tab_work_sel@3x.png */; };
		7610D7691D5045570064F47E /* MessageModule.m in Sources */ = {isa = PBXBuildFile; fileRef = 7610D7681D5045570064F47E /* MessageModule.m */; };
		7610D7701D5048EA0064F47E /* MessageViewControllerThree.m in Sources */ = {isa = PBXBuildFile; fileRef = 7610D76E1D5048EA0064F47E /* MessageViewControllerThree.m */; };
		7610D7711D5048EA0064F47E /* MessageViewControllerThree.xib in Resources */ = {isa = PBXBuildFile; fileRef = 7610D76F1D5048EA0064F47E /* MessageViewControllerThree.xib */; };
		7610D7791D504C400064F47E /* MessageView.m in Sources */ = {isa = PBXBuildFile; fileRef = 7610D7781D504C400064F47E /* MessageView.m */; };
		7610D7851D5335810064F47E /* MineViewControllerTwo.m in Sources */ = {isa = PBXBuildFile; fileRef = 7610D7831D5335810064F47E /* MineViewControllerTwo.m */; };
		7610D7861D5335810064F47E /* MineViewControllerTwo.xib in Resources */ = {isa = PBXBuildFile; fileRef = 7610D7841D5335810064F47E /* MineViewControllerTwo.xib */; };
		7610D7891D53359A0064F47E /* MineModule.m in Sources */ = {isa = PBXBuildFile; fileRef = 7610D7881D53359A0064F47E /* MineModule.m */; };
		7610D78E1D5472E80064F47E /* MineModule.json in Resources */ = {isa = PBXBuildFile; fileRef = 7610D78D1D5472E80064F47E /* MineModule.json */; };
		873B8AEB1B1F5CCA007FD442 /* Main.storyboard in Resources */ = {isa = PBXBuildFile; fileRef = 873B8AEA1B1F5CCA007FD442 /* Main.storyboard */; };
		D19387DD947CEB801DE74F70 /* libPods-UIRouter_Example.a in Frameworks */ = {isa = PBXBuildFile; fileRef = 1DF6C31CB6DF50119FD27C2F /* libPods-UIRouter_Example.a */; };
		E81B1A841FEA2EFE007EDBF9 /* MXMessageData.m in Sources */ = {isa = PBXBuildFile; fileRef = E81B1A831FEA2EFE007EDBF9 /* MXMessageData.m */; };
/* End PBXBuildFile section */

/* Begin PBXContainerItemProxy section */
		6003F5B3195388D20070C39A /* PBXContainerItemProxy */ = {
			isa = PBXContainerItemProxy;
			containerPortal = 6003F582195388D10070C39A /* Project object */;
			proxyType = 1;
			remoteGlobalIDString = 6003F589195388D20070C39A;
			remoteInfo = UIRouter;
		};
/* End PBXContainerItemProxy section */

/* Begin PBXFileReference section */
		1DF6C31CB6DF50119FD27C2F /* libPods-UIRouter_Example.a */ = {isa = PBXFileReference; explicitFileType = archive.ar; includeInIndex = 0; path = "libPods-UIRouter_Example.a"; sourceTree = BUILT_PRODUCTS_DIR; };
		4D4D6C6434F6A9A8053FA628 /* Pods-UIRouter_Tests.release.xcconfig */ = {isa = PBXFileReference; includeInIndex = 1; lastKnownFileType = text.xcconfig; name = "Pods-UIRouter_Tests.release.xcconfig"; path = "Pods/Target Support Files/Pods-UIRouter_Tests/Pods-UIRouter_Tests.release.xcconfig"; sourceTree = "<group>"; };
		6003F58A195388D20070C39A /* UIRouter_Example.app */ = {isa = PBXFileReference; explicitFileType = wrapper.application; includeInIndex = 0; path = UIRouter_Example.app; sourceTree = BUILT_PRODUCTS_DIR; };
		6003F58D195388D20070C39A /* Foundation.framework */ = {isa = PBXFileReference; lastKnownFileType = wrapper.framework; name = Foundation.framework; path = System/Library/Frameworks/Foundation.framework; sourceTree = SDKROOT; };
		6003F58F195388D20070C39A /* CoreGraphics.framework */ = {isa = PBXFileReference; lastKnownFileType = wrapper.framework; name = CoreGraphics.framework; path = System/Library/Frameworks/CoreGraphics.framework; sourceTree = SDKROOT; };
		6003F591195388D20070C39A /* UIKit.framework */ = {isa = PBXFileReference; lastKnownFileType = wrapper.framework; name = UIKit.framework; path = System/Library/Frameworks/UIKit.framework; sourceTree = SDKROOT; };
		6003F595195388D20070C39A /* UIRouter-Info.plist */ = {isa = PBXFileReference; lastKnownFileType = text.plist.xml; path = "UIRouter-Info.plist"; sourceTree = "<group>"; };
		6003F597195388D20070C39A /* en */ = {isa = PBXFileReference; lastKnownFileType = text.plist.strings; name = en; path = en.lproj/InfoPlist.strings; sourceTree = "<group>"; };
		6003F599195388D20070C39A /* main.m */ = {isa = PBXFileReference; lastKnownFileType = sourcecode.c.objc; path = main.m; sourceTree = "<group>"; };
		6003F59B195388D20070C39A /* UIRouter-Prefix.pch */ = {isa = PBXFileReference; lastKnownFileType = sourcecode.c.h; path = "UIRouter-Prefix.pch"; sourceTree = "<group>"; };
		6003F59C195388D20070C39A /* MXAppDelegate.h */ = {isa = PBXFileReference; lastKnownFileType = sourcecode.c.h; path = MXAppDelegate.h; sourceTree = "<group>"; };
		6003F59D195388D20070C39A /* MXAppDelegate.m */ = {isa = PBXFileReference; lastKnownFileType = sourcecode.c.objc; path = MXAppDelegate.m; sourceTree = "<group>"; };
		6003F5A5195388D20070C39A /* MXViewController.h */ = {isa = PBXFileReference; lastKnownFileType = sourcecode.c.h; path = MXViewController.h; sourceTree = "<group>"; };
		6003F5A6195388D20070C39A /* MXViewController.m */ = {isa = PBXFileReference; lastKnownFileType = sourcecode.c.objc; path = MXViewController.m; sourceTree = "<group>"; };
		6003F5A8195388D20070C39A /* Images.xcassets */ = {isa = PBXFileReference; lastKnownFileType = folder.assetcatalog; path = Images.xcassets; sourceTree = "<group>"; };
		6003F5AE195388D20070C39A /* UIRouter_Tests.xctest */ = {isa = PBXFileReference; explicitFileType = wrapper.cfbundle; includeInIndex = 0; path = UIRouter_Tests.xctest; sourceTree = BUILT_PRODUCTS_DIR; };
		6003F5AF195388D20070C39A /* XCTest.framework */ = {isa = PBXFileReference; lastKnownFileType = wrapper.framework; name = XCTest.framework; path = Library/Frameworks/XCTest.framework; sourceTree = DEVELOPER_DIR; };
		6003F5B7195388D20070C39A /* Tests-Info.plist */ = {isa = PBXFileReference; lastKnownFileType = text.plist.xml; path = "Tests-Info.plist"; sourceTree = "<group>"; };
		6003F5B9195388D20070C39A /* en */ = {isa = PBXFileReference; lastKnownFileType = text.plist.strings; name = en; path = en.lproj/InfoPlist.strings; sourceTree = "<group>"; };
		6003F5BB195388D20070C39A /* Tests.m */ = {isa = PBXFileReference; lastKnownFileType = sourcecode.c.objc; path = Tests.m; sourceTree = "<group>"; };
		606FC2411953D9B200FFA9A0 /* Tests-Prefix.pch */ = {isa = PBXFileReference; lastKnownFileType = sourcecode.c.h; path = "Tests-Prefix.pch"; sourceTree = "<group>"; };
		6DF8820FB93EACD65286269B /* Pods-UIRouter_Example.debug.xcconfig */ = {isa = PBXFileReference; includeInIndex = 1; lastKnownFileType = text.xcconfig; name = "Pods-UIRouter_Example.debug.xcconfig"; path = "Pods/Target Support Files/Pods-UIRouter_Example/Pods-UIRouter_Example.debug.xcconfig"; sourceTree = "<group>"; };
		72B788B5737AC9771F4BDF81 /* UIRouter.podspec */ = {isa = PBXFileReference; includeInIndex = 1; lastKnownFileType = text; name = UIRouter.podspec; path = ../UIRouter.podspec; sourceTree = "<group>"; };
		7610D7151D4EFD8B0064F47E /* ViewControllerOne.h */ = {isa = PBXFileReference; fileEncoding = 4; lastKnownFileType = sourcecode.c.h; path = ViewControllerOne.h; sourceTree = "<group>"; };
		7610D7161D4EFD8B0064F47E /* ViewControllerOne.m */ = {isa = PBXFileReference; fileEncoding = 4; lastKnownFileType = sourcecode.c.objc; path = ViewControllerOne.m; sourceTree = "<group>"; };
		7610D7171D4EFD8B0064F47E /* ViewControllerOne.xib */ = {isa = PBXFileReference; fileEncoding = 4; lastKnownFileType = file.xib; path = ViewControllerOne.xib; sourceTree = "<group>"; };
		7610D71D1D4F32DC0064F47E /* MessageViewController.h */ = {isa = PBXFileReference; fileEncoding = 4; lastKnownFileType = sourcecode.c.h; path = MessageViewController.h; sourceTree = "<group>"; };
		7610D71E1D4F32DC0064F47E /* MessageViewController.m */ = {isa = PBXFileReference; fileEncoding = 4; lastKnownFileType = sourcecode.c.objc; path = MessageViewController.m; sourceTree = "<group>"; };
		7610D71F1D4F32DC0064F47E /* MessageViewController.xib */ = {isa = PBXFileReference; fileEncoding = 4; lastKnownFileType = file.xib; path = MessageViewController.xib; sourceTree = "<group>"; };
		7610D7251D4F32FF0064F47E /* MessageViewControllerOne.h */ = {isa = PBXFileReference; fileEncoding = 4; lastKnownFileType = sourcecode.c.h; path = MessageViewControllerOne.h; sourceTree = "<group>"; };
		7610D7261D4F32FF0064F47E /* MessageViewControllerOne.m */ = {isa = PBXFileReference; fileEncoding = 4; lastKnownFileType = sourcecode.c.objc; path = MessageViewControllerOne.m; sourceTree = "<group>"; };
		7610D7271D4F32FF0064F47E /* MessageViewControllerOne.xib */ = {isa = PBXFileReference; fileEncoding = 4; lastKnownFileType = file.xib; path = MessageViewControllerOne.xib; sourceTree = "<group>"; };
		7610D72A1D4F33130064F47E /* MessageViewControllerTwo.h */ = {isa = PBXFileReference; fileEncoding = 4; lastKnownFileType = sourcecode.c.h; path = MessageViewControllerTwo.h; sourceTree = "<group>"; };
		7610D72B1D4F33130064F47E /* MessageViewControllerTwo.m */ = {isa = PBXFileReference; fileEncoding = 4; lastKnownFileType = sourcecode.c.objc; path = MessageViewControllerTwo.m; sourceTree = "<group>"; };
		7610D72C1D4F33130064F47E /* MessageViewControllerTwo.xib */ = {isa = PBXFileReference; fileEncoding = 4; lastKnownFileType = file.xib; path = MessageViewControllerTwo.xib; sourceTree = "<group>"; };
		7610D72F1D4F33240064F47E /* MineViewController.h */ = {isa = PBXFileReference; fileEncoding = 4; lastKnownFileType = sourcecode.c.h; path = MineViewController.h; sourceTree = "<group>"; };
		7610D7301D4F33240064F47E /* MineViewController.m */ = {isa = PBXFileReference; fileEncoding = 4; lastKnownFileType = sourcecode.c.objc; path = MineViewController.m; sourceTree = "<group>"; };
		7610D7311D4F33240064F47E /* MineViewController.xib */ = {isa = PBXFileReference; fileEncoding = 4; lastKnownFileType = file.xib; path = MineViewController.xib; sourceTree = "<group>"; };
		7610D7341D4F33340064F47E /* MineViewControllerOne.h */ = {isa = PBXFileReference; fileEncoding = 4; lastKnownFileType = sourcecode.c.h; path = MineViewControllerOne.h; sourceTree = "<group>"; };
		7610D7351D4F33340064F47E /* MineViewControllerOne.m */ = {isa = PBXFileReference; fileEncoding = 4; lastKnownFileType = sourcecode.c.objc; path = MineViewControllerOne.m; sourceTree = "<group>"; };
		7610D7361D4F33340064F47E /* MineViewControllerOne.xib */ = {isa = PBXFileReference; fileEncoding = 4; lastKnownFileType = file.xib; path = MineViewControllerOne.xib; sourceTree = "<group>"; };
		7610D7391D4F334C0064F47E /* WorkViewController.h */ = {isa = PBXFileReference; fileEncoding = 4; lastKnownFileType = sourcecode.c.h; path = WorkViewController.h; sourceTree = "<group>"; };
		7610D73A1D4F334C0064F47E /* WorkViewController.m */ = {isa = PBXFileReference; fileEncoding = 4; lastKnownFileType = sourcecode.c.objc; path = WorkViewController.m; sourceTree = "<group>"; };
		7610D73B1D4F334C0064F47E /* WorkViewController.xib */ = {isa = PBXFileReference; fileEncoding = 4; lastKnownFileType = file.xib; path = WorkViewController.xib; sourceTree = "<group>"; };
		7610D73E1D4F37E10064F47E /* MXTabBarController.h */ = {isa = PBXFileReference; fileEncoding = 4; lastKnownFileType = sourcecode.c.h; path = MXTabBarController.h; sourceTree = "<group>"; };
		7610D73F1D4F37E10064F47E /* MXTabBarController.m */ = {isa = PBXFileReference; fileEncoding = 4; lastKnownFileType = sourcecode.c.objc; path = MXTabBarController.m; sourceTree = "<group>"; };
		7610D7421D4F3F740064F47E /* tab_message_nor.png */ = {isa = PBXFileReference; lastKnownFileType = image.png; path = tab_message_nor.png; sourceTree = "<group>"; };
		7610D7431D4F3F740064F47E /* tab_message_nor@2x.png */ = {isa = PBXFileReference; lastKnownFileType = image.png; path = "tab_message_nor@2x.png"; sourceTree = "<group>"; };
		7610D7441D4F3F740064F47E /* tab_message_nor@3x.png */ = {isa = PBXFileReference; lastKnownFileType = image.png; path = "tab_message_nor@3x.png"; sourceTree = "<group>"; };
		7610D7451D4F3F740064F47E /* tab_message_sel.png */ = {isa = PBXFileReference; lastKnownFileType = image.png; path = tab_message_sel.png; sourceTree = "<group>"; };
		7610D7461D4F3F740064F47E /* tab_message_sel@2x.png */ = {isa = PBXFileReference; lastKnownFileType = image.png; path = "tab_message_sel@2x.png"; sourceTree = "<group>"; };
		7610D7471D4F3F740064F47E /* tab_message_sel@3x.png */ = {isa = PBXFileReference; lastKnownFileType = image.png; path = "tab_message_sel@3x.png"; sourceTree = "<group>"; };
		7610D7481D4F3F740064F47E /* tab_mine_nor.png */ = {isa = PBXFileReference; lastKnownFileType = image.png; path = tab_mine_nor.png; sourceTree = "<group>"; };
		7610D7491D4F3F740064F47E /* tab_mine_nor@2x.png */ = {isa = PBXFileReference; lastKnownFileType = image.png; path = "tab_mine_nor@2x.png"; sourceTree = "<group>"; };
		7610D74A1D4F3F740064F47E /* tab_mine_nor@3x.png */ = {isa = PBXFileReference; lastKnownFileType = image.png; path = "tab_mine_nor@3x.png"; sourceTree = "<group>"; };
		7610D74B1D4F3F740064F47E /* tab_mine_sel.png */ = {isa = PBXFileReference; lastKnownFileType = image.png; path = tab_mine_sel.png; sourceTree = "<group>"; };
		7610D74C1D4F3F740064F47E /* tab_mine_sel@2x.png */ = {isa = PBXFileReference; lastKnownFileType = image.png; path = "tab_mine_sel@2x.png"; sourceTree = "<group>"; };
		7610D74D1D4F3F740064F47E /* tab_mine_sel@3x.png */ = {isa = PBXFileReference; lastKnownFileType = image.png; path = "tab_mine_sel@3x.png"; sourceTree = "<group>"; };
		7610D74E1D4F3F740064F47E /* tab_work_nor.png */ = {isa = PBXFileReference; lastKnownFileType = image.png; path = tab_work_nor.png; sourceTree = "<group>"; };
		7610D74F1D4F3F740064F47E /* tab_work_nor@2x.png */ = {isa = PBXFileReference; lastKnownFileType = image.png; path = "tab_work_nor@2x.png"; sourceTree = "<group>"; };
		7610D7501D4F3F740064F47E /* tab_work_nor@3x.png */ = {isa = PBXFileReference; lastKnownFileType = image.png; path = "tab_work_nor@3x.png"; sourceTree = "<group>"; };
		7610D7511D4F3F740064F47E /* tab_work_sel.png */ = {isa = PBXFileReference; lastKnownFileType = image.png; path = tab_work_sel.png; sourceTree = "<group>"; };
		7610D7521D4F3F740064F47E /* tab_work_sel@2x.png */ = {isa = PBXFileReference; lastKnownFileType = image.png; path = "tab_work_sel@2x.png"; sourceTree = "<group>"; };
		7610D7531D4F3F740064F47E /* tab_work_sel@3x.png */ = {isa = PBXFileReference; lastKnownFileType = image.png; path = "tab_work_sel@3x.png"; sourceTree = "<group>"; };
		7610D7671D5045570064F47E /* MessageModule.h */ = {isa = PBXFileReference; fileEncoding = 4; lastKnownFileType = sourcecode.c.h; path = MessageModule.h; sourceTree = "<group>"; };
		7610D7681D5045570064F47E /* MessageModule.m */ = {isa = PBXFileReference; fileEncoding = 4; lastKnownFileType = sourcecode.c.objc; path = MessageModule.m; sourceTree = "<group>"; };
		7610D76D1D5048E90064F47E /* MessageViewControllerThree.h */ = {isa = PBXFileReference; fileEncoding = 4; lastKnownFileType = sourcecode.c.h; path = MessageViewControllerThree.h; sourceTree = "<group>"; };
		7610D76E1D5048EA0064F47E /* MessageViewControllerThree.m */ = {isa = PBXFileReference; fileEncoding = 4; lastKnownFileType = sourcecode.c.objc; path = MessageViewControllerThree.m; sourceTree = "<group>"; };
		7610D76F1D5048EA0064F47E /* MessageViewControllerThree.xib */ = {isa = PBXFileReference; fileEncoding = 4; lastKnownFileType = file.xib; path = MessageViewControllerThree.xib; sourceTree = "<group>"; };
		7610D7771D504C400064F47E /* MessageView.h */ = {isa = PBXFileReference; fileEncoding = 4; lastKnownFileType = sourcecode.c.h; path = MessageView.h; sourceTree = "<group>"; };
		7610D7781D504C400064F47E /* MessageView.m */ = {isa = PBXFileReference; fileEncoding = 4; lastKnownFileType = sourcecode.c.objc; path = MessageView.m; sourceTree = "<group>"; };
		7610D7821D5335810064F47E /* MineViewControllerTwo.h */ = {isa = PBXFileReference; fileEncoding = 4; lastKnownFileType = sourcecode.c.h; path = MineViewControllerTwo.h; sourceTree = "<group>"; };
		7610D7831D5335810064F47E /* MineViewControllerTwo.m */ = {isa = PBXFileReference; fileEncoding = 4; lastKnownFileType = sourcecode.c.objc; path = MineViewControllerTwo.m; sourceTree = "<group>"; };
		7610D7841D5335810064F47E /* MineViewControllerTwo.xib */ = {isa = PBXFileReference; fileEncoding = 4; lastKnownFileType = file.xib; path = MineViewControllerTwo.xib; sourceTree = "<group>"; };
		7610D7871D53359A0064F47E /* MineModule.h */ = {isa = PBXFileReference; fileEncoding = 4; lastKnownFileType = sourcecode.c.h; path = MineModule.h; sourceTree = "<group>"; };
		7610D7881D53359A0064F47E /* MineModule.m */ = {isa = PBXFileReference; fileEncoding = 4; lastKnownFileType = sourcecode.c.objc; path = MineModule.m; sourceTree = "<group>"; };
		7610D78D1D5472E80064F47E /* MineModule.json */ = {isa = PBXFileReference; fileEncoding = 4; lastKnownFileType = text.json; path = MineModule.json; sourceTree = "<group>"; };
		873B8AEA1B1F5CCA007FD442 /* Main.storyboard */ = {isa = PBXFileReference; fileEncoding = 4; lastKnownFileType = file.storyboard; path = Main.storyboard; sourceTree = "<group>"; };
		87D7E8F110829B571AB5A576 /* Pods-UIRouter_Example.release.xcconfig */ = {isa = PBXFileReference; includeInIndex = 1; lastKnownFileType = text.xcconfig; name = "Pods-UIRouter_Example.release.xcconfig"; path = "Pods/Target Support Files/Pods-UIRouter_Example/Pods-UIRouter_Example.release.xcconfig"; sourceTree = "<group>"; };
		BA6EEE8BCB5402092A1C2B37 /* LICENSE */ = {isa = PBXFileReference; includeInIndex = 1; lastKnownFileType = text; name = LICENSE; path = ../LICENSE; sourceTree = "<group>"; };
		C28E0B90EB6D148D45958647 /* Pods-UIRouter_Tests.debug.xcconfig */ = {isa = PBXFileReference; includeInIndex = 1; lastKnownFileType = text.xcconfig; name = "Pods-UIRouter_Tests.debug.xcconfig"; path = "Pods/Target Support Files/Pods-UIRouter_Tests/Pods-UIRouter_Tests.debug.xcconfig"; sourceTree = "<group>"; };
		C91FA73DBAC389C9B7BF7016 /* README.md */ = {isa = PBXFileReference; includeInIndex = 1; lastKnownFileType = net.daringfireball.markdown; name = README.md; path = ../README.md; sourceTree = "<group>"; };
		D9072A114F19170915205331 /* libPods-UIRouter_Tests.a */ = {isa = PBXFileReference; explicitFileType = archive.ar; includeInIndex = 0; path = "libPods-UIRouter_Tests.a"; sourceTree = BUILT_PRODUCTS_DIR; };
		E81B1A821FEA2EFD007EDBF9 /* MXMessageData.h */ = {isa = PBXFileReference; fileEncoding = 4; lastKnownFileType = sourcecode.c.h; path = MXMessageData.h; sourceTree = "<group>"; };
		E81B1A831FEA2EFE007EDBF9 /* MXMessageData.m */ = {isa = PBXFileReference; fileEncoding = 4; lastKnownFileType = sourcecode.c.objc; path = MXMessageData.m; sourceTree = "<group>"; };
/* End PBXFileReference section */

/* Begin PBXFrameworksBuildPhase section */
		6003F587195388D20070C39A /* Frameworks */ = {
			isa = PBXFrameworksBuildPhase;
			buildActionMask = 2147483647;
			files = (
				6003F590195388D20070C39A /* CoreGraphics.framework in Frameworks */,
				6003F592195388D20070C39A /* UIKit.framework in Frameworks */,
				6003F58E195388D20070C39A /* Foundation.framework in Frameworks */,
				D19387DD947CEB801DE74F70 /* libPods-UIRouter_Example.a in Frameworks */,
			);
			runOnlyForDeploymentPostprocessing = 0;
		};
		6003F5AB195388D20070C39A /* Frameworks */ = {
			isa = PBXFrameworksBuildPhase;
			buildActionMask = 2147483647;
			files = (
				6003F5B0195388D20070C39A /* XCTest.framework in Frameworks */,
				6003F5B2195388D20070C39A /* UIKit.framework in Frameworks */,
				6003F5B1195388D20070C39A /* Foundation.framework in Frameworks */,
				0517062036DC9C43E95CAD33 /* libPods-UIRouter_Tests.a in Frameworks */,
			);
			runOnlyForDeploymentPostprocessing = 0;
		};
/* End PBXFrameworksBuildPhase section */

/* Begin PBXGroup section */
		6003F581195388D10070C39A = {
			isa = PBXGroup;
			children = (
				60FF7A9C1954A5C5007DD14C /* Podspec Metadata */,
				6003F593195388D20070C39A /* Example for UIRouter */,
				6003F5B5195388D20070C39A /* Tests */,
				6003F58C195388D20070C39A /* Frameworks */,
				6003F58B195388D20070C39A /* Products */,
				CB4BAD54CF25A9FA83BB5C0E /* Pods */,
			);
			sourceTree = "<group>";
		};
		6003F58B195388D20070C39A /* Products */ = {
			isa = PBXGroup;
			children = (
				6003F58A195388D20070C39A /* UIRouter_Example.app */,
				6003F5AE195388D20070C39A /* UIRouter_Tests.xctest */,
			);
			name = Products;
			sourceTree = "<group>";
		};
		6003F58C195388D20070C39A /* Frameworks */ = {
			isa = PBXGroup;
			children = (
				6003F58D195388D20070C39A /* Foundation.framework */,
				6003F58F195388D20070C39A /* CoreGraphics.framework */,
				6003F591195388D20070C39A /* UIKit.framework */,
				6003F5AF195388D20070C39A /* XCTest.framework */,
				1DF6C31CB6DF50119FD27C2F /* libPods-UIRouter_Example.a */,
				D9072A114F19170915205331 /* libPods-UIRouter_Tests.a */,
			);
			name = Frameworks;
			sourceTree = "<group>";
		};
		6003F593195388D20070C39A /* Example for UIRouter */ = {
			isa = PBXGroup;
			children = (
				6003F59C195388D20070C39A /* MXAppDelegate.h */,
				6003F59D195388D20070C39A /* MXAppDelegate.m */,
				873B8AEA1B1F5CCA007FD442 /* Main.storyboard */,
				7610D73E1D4F37E10064F47E /* MXTabBarController.h */,
				7610D73F1D4F37E10064F47E /* MXTabBarController.m */,
				7610D71B1D4F32BA0064F47E /* Mine */,
				7610D71A1D4F32BA0064F47E /* Message */,
				7610D71C1D4F32BA0064F47E /* Work */,
				7610D7411D4F3F740064F47E /* Images */,
				6003F5A5195388D20070C39A /* MXViewController.h */,
				6003F5A6195388D20070C39A /* MXViewController.m */,
				7610D7151D4EFD8B0064F47E /* ViewControllerOne.h */,
				7610D7161D4EFD8B0064F47E /* ViewControllerOne.m */,
				7610D7171D4EFD8B0064F47E /* ViewControllerOne.xib */,
				6003F5A8195388D20070C39A /* Images.xcassets */,
				6003F594195388D20070C39A /* Supporting Files */,
			);
			name = "Example for UIRouter";
			path = UIRouter;
			sourceTree = "<group>";
		};
		6003F594195388D20070C39A /* Supporting Files */ = {
			isa = PBXGroup;
			children = (
				6003F595195388D20070C39A /* UIRouter-Info.plist */,
				6003F596195388D20070C39A /* InfoPlist.strings */,
				6003F599195388D20070C39A /* main.m */,
				6003F59B195388D20070C39A /* UIRouter-Prefix.pch */,
			);
			name = "Supporting Files";
			sourceTree = "<group>";
		};
		6003F5B5195388D20070C39A /* Tests */ = {
			isa = PBXGroup;
			children = (
				6003F5BB195388D20070C39A /* Tests.m */,
				6003F5B6195388D20070C39A /* Supporting Files */,
			);
			path = Tests;
			sourceTree = "<group>";
		};
		6003F5B6195388D20070C39A /* Supporting Files */ = {
			isa = PBXGroup;
			children = (
				6003F5B7195388D20070C39A /* Tests-Info.plist */,
				6003F5B8195388D20070C39A /* InfoPlist.strings */,
				606FC2411953D9B200FFA9A0 /* Tests-Prefix.pch */,
			);
			name = "Supporting Files";
			sourceTree = "<group>";
		};
		60FF7A9C1954A5C5007DD14C /* Podspec Metadata */ = {
			isa = PBXGroup;
			children = (
				72B788B5737AC9771F4BDF81 /* UIRouter.podspec */,
				C91FA73DBAC389C9B7BF7016 /* README.md */,
				BA6EEE8BCB5402092A1C2B37 /* LICENSE */,
			);
			name = "Podspec Metadata";
			sourceTree = "<group>";
		};
		7610D71A1D4F32BA0064F47E /* Message */ = {
			isa = PBXGroup;
			children = (
				7610D71D1D4F32DC0064F47E /* MessageViewController.h */,
				7610D71E1D4F32DC0064F47E /* MessageViewController.m */,
				7610D71F1D4F32DC0064F47E /* MessageViewController.xib */,
				7610D7251D4F32FF0064F47E /* MessageViewControllerOne.h */,
				7610D7261D4F32FF0064F47E /* MessageViewControllerOne.m */,
				7610D7271D4F32FF0064F47E /* MessageViewControllerOne.xib */,
				7610D72A1D4F33130064F47E /* MessageViewControllerTwo.h */,
				7610D72B1D4F33130064F47E /* MessageViewControllerTwo.m */,
				7610D72C1D4F33130064F47E /* MessageViewControllerTwo.xib */,
				7610D76D1D5048E90064F47E /* MessageViewControllerThree.h */,
				7610D76E1D5048EA0064F47E /* MessageViewControllerThree.m */,
				7610D76F1D5048EA0064F47E /* MessageViewControllerThree.xib */,
				7610D7771D504C400064F47E /* MessageView.h */,
				7610D7781D504C400064F47E /* MessageView.m */,
				E81B1A821FEA2EFD007EDBF9 /* MXMessageData.h */,
				E81B1A831FEA2EFE007EDBF9 /* MXMessageData.m */,
				7610D7671D5045570064F47E /* MessageModule.h */,
				7610D7681D5045570064F47E /* MessageModule.m */,
			);
			path = Message;
			sourceTree = "<group>";
		};
		7610D71B1D4F32BA0064F47E /* Mine */ = {
			isa = PBXGroup;
			children = (
				7610D72F1D4F33240064F47E /* MineViewController.h */,
				7610D7301D4F33240064F47E /* MineViewController.m */,
				7610D7311D4F33240064F47E /* MineViewController.xib */,
				7610D7341D4F33340064F47E /* MineViewControllerOne.h */,
				7610D7351D4F33340064F47E /* MineViewControllerOne.m */,
				7610D7361D4F33340064F47E /* MineViewControllerOne.xib */,
				7610D7821D5335810064F47E /* MineViewControllerTwo.h */,
				7610D7831D5335810064F47E /* MineViewControllerTwo.m */,
				7610D7841D5335810064F47E /* MineViewControllerTwo.xib */,
				7610D7871D53359A0064F47E /* MineModule.h */,
				7610D7881D53359A0064F47E /* MineModule.m */,
				7610D78D1D5472E80064F47E /* MineModule.json */,
			);
			path = Mine;
			sourceTree = "<group>";
		};
		7610D71C1D4F32BA0064F47E /* Work */ = {
			isa = PBXGroup;
			children = (
				7610D7391D4F334C0064F47E /* WorkViewController.h */,
				7610D73A1D4F334C0064F47E /* WorkViewController.m */,
				7610D73B1D4F334C0064F47E /* WorkViewController.xib */,
			);
			path = Work;
			sourceTree = "<group>";
		};
		7610D7411D4F3F740064F47E /* Images */ = {
			isa = PBXGroup;
			children = (
				7610D7421D4F3F740064F47E /* tab_message_nor.png */,
				7610D7431D4F3F740064F47E /* tab_message_nor@2x.png */,
				7610D7441D4F3F740064F47E /* tab_message_nor@3x.png */,
				7610D7451D4F3F740064F47E /* tab_message_sel.png */,
				7610D7461D4F3F740064F47E /* tab_message_sel@2x.png */,
				7610D7471D4F3F740064F47E /* tab_message_sel@3x.png */,
				7610D7481D4F3F740064F47E /* tab_mine_nor.png */,
				7610D7491D4F3F740064F47E /* tab_mine_nor@2x.png */,
				7610D74A1D4F3F740064F47E /* tab_mine_nor@3x.png */,
				7610D74B1D4F3F740064F47E /* tab_mine_sel.png */,
				7610D74C1D4F3F740064F47E /* tab_mine_sel@2x.png */,
				7610D74D1D4F3F740064F47E /* tab_mine_sel@3x.png */,
				7610D74E1D4F3F740064F47E /* tab_work_nor.png */,
				7610D74F1D4F3F740064F47E /* tab_work_nor@2x.png */,
				7610D7501D4F3F740064F47E /* tab_work_nor@3x.png */,
				7610D7511D4F3F740064F47E /* tab_work_sel.png */,
				7610D7521D4F3F740064F47E /* tab_work_sel@2x.png */,
				7610D7531D4F3F740064F47E /* tab_work_sel@3x.png */,
			);
			path = Images;
			sourceTree = "<group>";
		};
		CB4BAD54CF25A9FA83BB5C0E /* Pods */ = {
			isa = PBXGroup;
			children = (
				6DF8820FB93EACD65286269B /* Pods-UIRouter_Example.debug.xcconfig */,
				87D7E8F110829B571AB5A576 /* Pods-UIRouter_Example.release.xcconfig */,
				C28E0B90EB6D148D45958647 /* Pods-UIRouter_Tests.debug.xcconfig */,
				4D4D6C6434F6A9A8053FA628 /* Pods-UIRouter_Tests.release.xcconfig */,
			);
			name = Pods;
			sourceTree = "<group>";
		};
/* End PBXGroup section */

/* Begin PBXNativeTarget section */
		6003F589195388D20070C39A /* UIRouter_Example */ = {
			isa = PBXNativeTarget;
			buildConfigurationList = 6003F5BF195388D20070C39A /* Build configuration list for PBXNativeTarget "UIRouter_Example" */;
			buildPhases = (
				CFAB11DC81E8F3B3813208FD /* [CP] Check Pods Manifest.lock */,
				6003F586195388D20070C39A /* Sources */,
				6003F587195388D20070C39A /* Frameworks */,
				6003F588195388D20070C39A /* Resources */,
			);
			buildRules = (
			);
			dependencies = (
			);
			name = UIRouter_Example;
			productName = UIRouter;
			productReference = 6003F58A195388D20070C39A /* UIRouter_Example.app */;
			productType = "com.apple.product-type.application";
		};
		6003F5AD195388D20070C39A /* UIRouter_Tests */ = {
			isa = PBXNativeTarget;
			buildConfigurationList = 6003F5C2195388D20070C39A /* Build configuration list for PBXNativeTarget "UIRouter_Tests" */;
			buildPhases = (
				C9736512C09DC1BEA1D8CD0A /* [CP] Check Pods Manifest.lock */,
				6003F5AA195388D20070C39A /* Sources */,
				6003F5AB195388D20070C39A /* Frameworks */,
				6003F5AC195388D20070C39A /* Resources */,
			);
			buildRules = (
			);
			dependencies = (
				6003F5B4195388D20070C39A /* PBXTargetDependency */,
			);
			name = UIRouter_Tests;
			productName = UIRouterTests;
			productReference = 6003F5AE195388D20070C39A /* UIRouter_Tests.xctest */;
			productType = "com.apple.product-type.bundle.unit-test";
		};
/* End PBXNativeTarget section */

/* Begin PBXProject section */
		6003F582195388D10070C39A /* Project object */ = {
			isa = PBXProject;
			attributes = {
				CLASSPREFIX = MX;
				LastUpgradeCheck = 0720;
				ORGANIZATIONNAME = "“caoye”";
				TargetAttributes = {
					6003F5AD195388D20070C39A = {
						TestTargetID = 6003F589195388D20070C39A;
					};
				};
			};
			buildConfigurationList = 6003F585195388D10070C39A /* Build configuration list for PBXProject "UIRouter" */;
			compatibilityVersion = "Xcode 3.2";
			developmentRegion = English;
			hasScannedForEncodings = 0;
			knownRegions = (
				en,
				Base,
			);
			mainGroup = 6003F581195388D10070C39A;
			productRefGroup = 6003F58B195388D20070C39A /* Products */;
			projectDirPath = "";
			projectRoot = "";
			targets = (
				6003F589195388D20070C39A /* UIRouter_Example */,
				6003F5AD195388D20070C39A /* UIRouter_Tests */,
			);
		};
/* End PBXProject section */

/* Begin PBXResourcesBuildPhase section */
		6003F588195388D20070C39A /* Resources */ = {
			isa = PBXResourcesBuildPhase;
			buildActionMask = 2147483647;
			files = (
				873B8AEB1B1F5CCA007FD442 /* Main.storyboard in Resources */,
				7610D7651D4F3F740064F47E /* tab_work_sel@3x.png in Resources */,
				7610D7211D4F32DC0064F47E /* MessageViewController.xib in Resources */,
				7610D7591D4F3F740064F47E /* tab_message_sel@3x.png in Resources */,
				7610D75C1D4F3F740064F47E /* tab_mine_nor@3x.png in Resources */,
				7610D7711D5048EA0064F47E /* MessageViewControllerThree.xib in Resources */,
				7610D7601D4F3F740064F47E /* tab_work_nor.png in Resources */,
				7610D78E1D5472E80064F47E /* MineModule.json in Resources */,
				7610D7571D4F3F740064F47E /* tab_message_sel.png in Resources */,
				7610D7581D4F3F740064F47E /* tab_message_sel@2x.png in Resources */,
				7610D7611D4F3F740064F47E /* tab_work_nor@2x.png in Resources */,
				6003F5A9195388D20070C39A /* Images.xcassets in Resources */,
				7610D75F1D4F3F740064F47E /* tab_mine_sel@3x.png in Resources */,
				7610D7621D4F3F740064F47E /* tab_work_nor@3x.png in Resources */,
				7610D75A1D4F3F740064F47E /* tab_mine_nor.png in Resources */,
				7610D7561D4F3F740064F47E /* tab_message_nor@3x.png in Resources */,
				7610D73D1D4F334C0064F47E /* WorkViewController.xib in Resources */,
				7610D7551D4F3F740064F47E /* tab_message_nor@2x.png in Resources */,
				7610D7631D4F3F740064F47E /* tab_work_sel.png in Resources */,
				7610D7641D4F3F740064F47E /* tab_work_sel@2x.png in Resources */,
				6003F598195388D20070C39A /* InfoPlist.strings in Resources */,
				7610D75B1D4F3F740064F47E /* tab_mine_nor@2x.png in Resources */,
				7610D7541D4F3F740064F47E /* tab_message_nor.png in Resources */,
				7610D72E1D4F33130064F47E /* MessageViewControllerTwo.xib in Resources */,
				7610D7191D4EFD8B0064F47E /* ViewControllerOne.xib in Resources */,
				7610D7381D4F33340064F47E /* MineViewControllerOne.xib in Resources */,
				7610D75D1D4F3F740064F47E /* tab_mine_sel.png in Resources */,
				7610D7291D4F32FF0064F47E /* MessageViewControllerOne.xib in Resources */,
				7610D7331D4F33240064F47E /* MineViewController.xib in Resources */,
				7610D7861D5335810064F47E /* MineViewControllerTwo.xib in Resources */,
				7610D75E1D4F3F740064F47E /* tab_mine_sel@2x.png in Resources */,
			);
			runOnlyForDeploymentPostprocessing = 0;
		};
		6003F5AC195388D20070C39A /* Resources */ = {
			isa = PBXResourcesBuildPhase;
			buildActionMask = 2147483647;
			files = (
				6003F5BA195388D20070C39A /* InfoPlist.strings in Resources */,
			);
			runOnlyForDeploymentPostprocessing = 0;
		};
/* End PBXResourcesBuildPhase section */

/* Begin PBXShellScriptBuildPhase section */
		C9736512C09DC1BEA1D8CD0A /* [CP] Check Pods Manifest.lock */ = {
			isa = PBXShellScriptBuildPhase;
			buildActionMask = 2147483647;
			files = (
			);
			inputPaths = (
				"${PODS_PODFILE_DIR_PATH}/Podfile.lock",
				"${PODS_ROOT}/Manifest.lock",
			);
			name = "[CP] Check Pods Manifest.lock";
			outputPaths = (
				"$(DERIVED_FILE_DIR)/Pods-UIRouter_Tests-checkManifestLockResult.txt",
			);
			runOnlyForDeploymentPostprocessing = 0;
			shellPath = /bin/sh;
			shellScript = "diff \"${PODS_PODFILE_DIR_PATH}/Podfile.lock\" \"${PODS_ROOT}/Manifest.lock\" > /dev/null\nif [ $? != 0 ] ; then\n    # print error to STDERR\n    echo \"error: The sandbox is not in sync with the Podfile.lock. Run 'pod install' or update your CocoaPods installation.\" >&2\n    exit 1\nfi\n# This output is used by Xcode 'outputs' to avoid re-running this script phase.\necho \"SUCCESS\" > \"${SCRIPT_OUTPUT_FILE_0}\"\n";
			showEnvVarsInLog = 0;
		};
		CFAB11DC81E8F3B3813208FD /* [CP] Check Pods Manifest.lock */ = {
			isa = PBXShellScriptBuildPhase;
			buildActionMask = 2147483647;
			files = (
			);
			inputPaths = (
				"${PODS_PODFILE_DIR_PATH}/Podfile.lock",
				"${PODS_ROOT}/Manifest.lock",
			);
			name = "[CP] Check Pods Manifest.lock";
			outputPaths = (
				"$(DERIVED_FILE_DIR)/Pods-UIRouter_Example-checkManifestLockResult.txt",
			);
			runOnlyForDeploymentPostprocessing = 0;
			shellPath = /bin/sh;
			shellScript = "diff \"${PODS_PODFILE_DIR_PATH}/Podfile.lock\" \"${PODS_ROOT}/Manifest.lock\" > /dev/null\nif [ $? != 0 ] ; then\n    # print error to STDERR\n    echo \"error: The sandbox is not in sync with the Podfile.lock. Run 'pod install' or update your CocoaPods installation.\" >&2\n    exit 1\nfi\n# This output is used by Xcode 'outputs' to avoid re-running this script phase.\necho \"SUCCESS\" > \"${SCRIPT_OUTPUT_FILE_0}\"\n";
			showEnvVarsInLog = 0;
		};
/* End PBXShellScriptBuildPhase section */

/* Begin PBXSourcesBuildPhase section */
		6003F586195388D20070C39A /* Sources */ = {
			isa = PBXSourcesBuildPhase;
			buildActionMask = 2147483647;
			files = (
				7610D72D1D4F33130064F47E /* MessageViewControllerTwo.m in Sources */,
				6003F59E195388D20070C39A /* MXAppDelegate.m in Sources */,
				7610D7371D4F33340064F47E /* MineViewControllerOne.m in Sources */,
				7610D7201D4F32DC0064F47E /* MessageViewController.m in Sources */,
				7610D7791D504C400064F47E /* MessageView.m in Sources */,
				7610D7851D5335810064F47E /* MineViewControllerTwo.m in Sources */,
				7610D7891D53359A0064F47E /* MineModule.m in Sources */,
				6003F5A7195388D20070C39A /* MXViewController.m in Sources */,
				6003F59A195388D20070C39A /* main.m in Sources */,
				7610D7701D5048EA0064F47E /* MessageViewControllerThree.m in Sources */,
				E81B1A841FEA2EFE007EDBF9 /* MXMessageData.m in Sources */,
				7610D7181D4EFD8B0064F47E /* ViewControllerOne.m in Sources */,
				7610D73C1D4F334C0064F47E /* WorkViewController.m in Sources */,
				7610D7281D4F32FF0064F47E /* MessageViewControllerOne.m in Sources */,
				7610D7691D5045570064F47E /* MessageModule.m in Sources */,
				7610D7401D4F37E10064F47E /* MXTabBarController.m in Sources */,
				7610D7321D4F33240064F47E /* MineViewController.m in Sources */,
			);
			runOnlyForDeploymentPostprocessing = 0;
		};
		6003F5AA195388D20070C39A /* Sources */ = {
			isa = PBXSourcesBuildPhase;
			buildActionMask = 2147483647;
			files = (
				6003F5BC195388D20070C39A /* Tests.m in Sources */,
			);
			runOnlyForDeploymentPostprocessing = 0;
		};
/* End PBXSourcesBuildPhase section */

/* Begin PBXTargetDependency section */
		6003F5B4195388D20070C39A /* PBXTargetDependency */ = {
			isa = PBXTargetDependency;
			target = 6003F589195388D20070C39A /* UIRouter_Example */;
			targetProxy = 6003F5B3195388D20070C39A /* PBXContainerItemProxy */;
		};
/* End PBXTargetDependency section */

/* Begin PBXVariantGroup section */
		6003F596195388D20070C39A /* InfoPlist.strings */ = {
			isa = PBXVariantGroup;
			children = (
				6003F597195388D20070C39A /* en */,
			);
			name = InfoPlist.strings;
			sourceTree = "<group>";
		};
		6003F5B8195388D20070C39A /* InfoPlist.strings */ = {
			isa = PBXVariantGroup;
			children = (
				6003F5B9195388D20070C39A /* en */,
			);
			name = InfoPlist.strings;
			sourceTree = "<group>";
		};
/* End PBXVariantGroup section */

/* Begin XCBuildConfiguration section */
		6003F5BD195388D20070C39A /* Debug */ = {
			isa = XCBuildConfiguration;
			buildSettings = {
				ALWAYS_SEARCH_USER_PATHS = NO;
				CLANG_CXX_LANGUAGE_STANDARD = "gnu++0x";
				CLANG_CXX_LIBRARY = "libc++";
				CLANG_ENABLE_MODULES = YES;
				CLANG_ENABLE_OBJC_ARC = YES;
				CLANG_WARN_BOOL_CONVERSION = YES;
				CLANG_WARN_CONSTANT_CONVERSION = YES;
				CLANG_WARN_DIRECT_OBJC_ISA_USAGE = YES_ERROR;
				CLANG_WARN_EMPTY_BODY = YES;
				CLANG_WARN_ENUM_CONVERSION = YES;
				CLANG_WARN_INT_CONVERSION = YES;
				CLANG_WARN_OBJC_ROOT_CLASS = YES_ERROR;
				CLANG_WARN__DUPLICATE_METHOD_MATCH = YES;
				"CODE_SIGN_IDENTITY[sdk=iphoneos*]" = "iPhone Developer";
				COPY_PHASE_STRIP = NO;
				ENABLE_TESTABILITY = YES;
				GCC_C_LANGUAGE_STANDARD = gnu99;
				GCC_DYNAMIC_NO_PIC = NO;
				GCC_OPTIMIZATION_LEVEL = 0;
				GCC_PREPROCESSOR_DEFINITIONS = (
					"DEBUG=1",
					"$(inherited)",
				);
				GCC_SYMBOLS_PRIVATE_EXTERN = NO;
				GCC_WARN_64_TO_32_BIT_CONVERSION = YES;
				GCC_WARN_ABOUT_RETURN_TYPE = YES_ERROR;
				GCC_WARN_UNDECLARED_SELECTOR = YES;
				GCC_WARN_UNINITIALIZED_AUTOS = YES_AGGRESSIVE;
				GCC_WARN_UNUSED_FUNCTION = YES;
				GCC_WARN_UNUSED_VARIABLE = YES;
				IPHONEOS_DEPLOYMENT_TARGET = 8.3;
				ONLY_ACTIVE_ARCH = YES;
				SDKROOT = iphoneos;
				TARGETED_DEVICE_FAMILY = "1,2";
			};
			name = Debug;
		};
		6003F5BE195388D20070C39A /* Release */ = {
			isa = XCBuildConfiguration;
			buildSettings = {
				ALWAYS_SEARCH_USER_PATHS = NO;
				CLANG_CXX_LANGUAGE_STANDARD = "gnu++0x";
				CLANG_CXX_LIBRARY = "libc++";
				CLANG_ENABLE_MODULES = YES;
				CLANG_ENABLE_OBJC_ARC = YES;
				CLANG_WARN_BOOL_CONVERSION = YES;
				CLANG_WARN_CONSTANT_CONVERSION = YES;
				CLANG_WARN_DIRECT_OBJC_ISA_USAGE = YES_ERROR;
				CLANG_WARN_EMPTY_BODY = YES;
				CLANG_WARN_ENUM_CONVERSION = YES;
				CLANG_WARN_INT_CONVERSION = YES;
				CLANG_WARN_OBJC_ROOT_CLASS = YES_ERROR;
				CLANG_WARN__DUPLICATE_METHOD_MATCH = YES;
				"CODE_SIGN_IDENTITY[sdk=iphoneos*]" = "iPhone Developer";
				COPY_PHASE_STRIP = YES;
				ENABLE_NS_ASSERTIONS = NO;
				GCC_C_LANGUAGE_STANDARD = gnu99;
				GCC_WARN_64_TO_32_BIT_CONVERSION = YES;
				GCC_WARN_ABOUT_RETURN_TYPE = YES_ERROR;
				GCC_WARN_UNDECLARED_SELECTOR = YES;
				GCC_WARN_UNINITIALIZED_AUTOS = YES_AGGRESSIVE;
				GCC_WARN_UNUSED_FUNCTION = YES;
				GCC_WARN_UNUSED_VARIABLE = YES;
				IPHONEOS_DEPLOYMENT_TARGET = 8.3;
				SDKROOT = iphoneos;
				TARGETED_DEVICE_FAMILY = "1,2";
				VALIDATE_PRODUCT = YES;
			};
			name = Release;
		};
		6003F5C0195388D20070C39A /* Debug */ = {
			isa = XCBuildConfiguration;
			baseConfigurationReference = 6DF8820FB93EACD65286269B /* Pods-UIRouter_Example.debug.xcconfig */;
			buildSettings = {
				ASSETCATALOG_COMPILER_APPICON_NAME = AppIcon;
				ASSETCATALOG_COMPILER_LAUNCHIMAGE_NAME = LaunchImage;
				GCC_PRECOMPILE_PREFIX_HEADER = YES;
				GCC_PREFIX_HEADER = "UIRouter/UIRouter-Prefix.pch";
				INFOPLIST_FILE = "UIRouter/UIRouter-Info.plist";
				MODULE_NAME = ExampleApp;
				PRODUCT_BUNDLE_IDENTIFIER = "org.cocoapods.demo.${PRODUCT_NAME:rfc1034identifier}";
				PRODUCT_NAME = "$(TARGET_NAME)";
				WRAPPER_EXTENSION = app;
			};
			name = Debug;
		};
		6003F5C1195388D20070C39A /* Release */ = {
			isa = XCBuildConfiguration;
			baseConfigurationReference = 87D7E8F110829B571AB5A576 /* Pods-UIRouter_Example.release.xcconfig */;
			buildSettings = {
				ASSETCATALOG_COMPILER_APPICON_NAME = AppIcon;
				ASSETCATALOG_COMPILER_LAUNCHIMAGE_NAME = LaunchImage;
				GCC_PRECOMPILE_PREFIX_HEADER = YES;
				GCC_PREFIX_HEADER = "UIRouter/UIRouter-Prefix.pch";
				INFOPLIST_FILE = "UIRouter/UIRouter-Info.plist";
				MODULE_NAME = ExampleApp;
				PRODUCT_BUNDLE_IDENTIFIER = "org.cocoapods.demo.${PRODUCT_NAME:rfc1034identifier}";
				PRODUCT_NAME = "$(TARGET_NAME)";
				WRAPPER_EXTENSION = app;
			};
			name = Release;
		};
		6003F5C3195388D20070C39A /* Debug */ = {
			isa = XCBuildConfiguration;
			baseConfigurationReference = C28E0B90EB6D148D45958647 /* Pods-UIRouter_Tests.debug.xcconfig */;
			buildSettings = {
				BUNDLE_LOADER = "$(TEST_HOST)";
				FRAMEWORK_SEARCH_PATHS = (
					"$(SDKROOT)/Developer/Library/Frameworks",
					"$(inherited)",
					"$(DEVELOPER_FRAMEWORKS_DIR)",
				);
				GCC_PRECOMPILE_PREFIX_HEADER = YES;
				GCC_PREFIX_HEADER = "Tests/Tests-Prefix.pch";
				GCC_PREPROCESSOR_DEFINITIONS = (
					"DEBUG=1",
					"$(inherited)",
				);
				INFOPLIST_FILE = "Tests/Tests-Info.plist";
				PRODUCT_BUNDLE_IDENTIFIER = "org.cocoapods.demo.${PRODUCT_NAME:rfc1034identifier}";
				PRODUCT_NAME = "$(TARGET_NAME)";
				TEST_HOST = "$(BUILT_PRODUCTS_DIR)/UIRouter_Example.app/UIRouter_Example";
				WRAPPER_EXTENSION = xctest;
			};
			name = Debug;
		};
		6003F5C4195388D20070C39A /* Release */ = {
			isa = XCBuildConfiguration;
			baseConfigurationReference = 4D4D6C6434F6A9A8053FA628 /* Pods-UIRouter_Tests.release.xcconfig */;
			buildSettings = {
				BUNDLE_LOADER = "$(TEST_HOST)";
				FRAMEWORK_SEARCH_PATHS = (
					"$(SDKROOT)/Developer/Library/Frameworks",
					"$(inherited)",
					"$(DEVELOPER_FRAMEWORKS_DIR)",
				);
				GCC_PRECOMPILE_PREFIX_HEADER = YES;
				GCC_PREFIX_HEADER = "Tests/Tests-Prefix.pch";
				INFOPLIST_FILE = "Tests/Tests-Info.plist";
				PRODUCT_BUNDLE_IDENTIFIER = "org.cocoapods.demo.${PRODUCT_NAME:rfc1034identifier}";
				PRODUCT_NAME = "$(TARGET_NAME)";
				TEST_HOST = "$(BUILT_PRODUCTS_DIR)/UIRouter_Example.app/UIRouter_Example";
				WRAPPER_EXTENSION = xctest;
			};
			name = Release;
		};
/* End XCBuildConfiguration section */

/* Begin XCConfigurationList section */
		6003F585195388D10070C39A /* Build configuration list for PBXProject "UIRouter" */ = {
			isa = XCConfigurationList;
			buildConfigurations = (
				6003F5BD195388D20070C39A /* Debug */,
				6003F5BE195388D20070C39A /* Release */,
			);
			defaultConfigurationIsVisible = 0;
			defaultConfigurationName = Release;
		};
		6003F5BF195388D20070C39A /* Build configuration list for PBXNativeTarget "UIRouter_Example" */ = {
			isa = XCConfigurationList;
			buildConfigurations = (
				6003F5C0195388D20070C39A /* Debug */,
				6003F5C1195388D20070C39A /* Release */,
			);
			defaultConfigurationIsVisible = 0;
			defaultConfigurationName = Release;
		};
		6003F5C2195388D20070C39A /* Build configuration list for PBXNativeTarget "UIRouter_Tests" */ = {
			isa = XCConfigurationList;
			buildConfigurations = (
				6003F5C3195388D20070C39A /* Debug */,
				6003F5C4195388D20070C39A /* Release */,
			);
			defaultConfigurationIsVisible = 0;
			defaultConfigurationName = Release;
		};
/* End XCConfigurationList section */
	};
	rootObject = 6003F582195388D10070C39A /* Project object */;
}
